{
  "pins" : [
    {
      "identity" : "combine-schedulers",
      "kind" : "remoteSourceControl",
      "location" : "git@github.com:matheus-air/combine-schedulers",
      "state" : {
        "branch" : "ios-11-compatibility",
        "revision" : "8a48a1d2f1c796cf7e825a7594f47c9c319e074c"
      }
    },
    {
      "identity" : "swift-argument-parser",
      "kind" : "remoteSourceControl",
      "location" : "https://github.com/apple/swift-argument-parser",
      "state" : {
        "revision" : "fee6933f37fde9a5e12a1e4aeaa93fe60116ff2a",
        "version" : "1.2.2"
      }
    },
    {
      "identity" : "swift-benchmark",
      "kind" : "remoteSourceControl",
      "location" : "https://github.com/google/swift-benchmark",
      "state" : {
        "revision" : "8163295f6fe82356b0bcf8e1ab991645de17d096",
        "version" : "0.1.2"
      }
    },
    {
      "identity" : "swift-case-paths",
      "kind" : "remoteSourceControl",
      "location" : "git@github.com:matheus-air/swift-case-paths",
      "state" : {
        "branch" : "ios-11-compatibility",
        "revision" : "c7a643af85b27a07721899286ab8a66cb09ea2aa"
      }
    },
    {
      "identity" : "swift-clocks",
      "kind" : "remoteSourceControl",
      "location" : "https://github.com/pointfreeco/swift-clocks",
      "state" : {
        "revision" : "0fbaebfc013715dab44d715a4d350ba37f297e4d",
        "version" : "0.4.0"
      }
    },
    {
      "identity" : "swift-collections",
      "kind" : "remoteSourceControl",
      "location" : "https://github.com/apple/swift-collections",
      "state" : {
        "revision" : "937e904258d22af6e447a0b72c0bc67583ef64a2",
        "version" : "1.0.4"
      }
    },
    {
      "identity" : "swift-concurrency-extras",
      "kind" : "remoteSourceControl",
      "location" : "https://github.com/matheus-air/swift-concurrency-extras",
      "state" : {
        "branch" : "ios-11-compatibility",
        "revision" : "6a581b82cfa81af3a937e2c78b3bc40d62d9f120"
      }
    },
    {
      "identity" : "swift-custom-dump",
      "kind" : "remoteSourceControl",
      "location" : "git@github.com:matheus-air/swift-custom-dump",
      "state" : {
        "branch" : "ios-11-compatibility",
        "revision" : "2c5a992ccf6523c8cfedce686c86e8a884f8d8ff"
      }
    },
    {
      "identity" : "swift-dependencies",
      "kind" : "remoteSourceControl",
      "location" : "git@github.com:matheus-air/swift-dependencies",
      "state" : {
        "branch" : "ios-11-compatibility",
        "revision" : "e2a5dfc25936420b1fcce5e6e48ba2b1f68d00e9"
      }
    },
    {
      "identity" : "swift-docc-plugin",
      "kind" : "remoteSourceControl",
      "location" : "https://github.com/apple/swift-docc-plugin",
      "state" : {
        "revision" : "9b1258905c21fc1b97bf03d1b4ca12c4ec4e5fda",
        "version" : "1.2.0"
      }
    },
    {
      "identity" : "swift-docc-symbolkit",
      "kind" : "remoteSourceControl",
      "location" : "https://github.com/apple/swift-docc-symbolkit",
      "state" : {
        "revision" : "b45d1f2ed151d057b54504d653e0da5552844e34",
        "version" : "1.0.0"
      }
    },
    {
      "identity" : "swift-identified-collections",
      "kind" : "remoteSourceControl",
      "location" : "https://github.com/pointfreeco/swift-identified-collections",
      "state" : {
        "revision" : "f52eee28bdc6065aa2f8424067e6f04c74bda6e6",
        "version" : "0.7.1"
      }
    },
    {
      "identity" : "swiftui-navigation",
      "kind" : "remoteSourceControl",
      "location" : "git@github.com:matheus-air/swiftui-navigation",
      "state" : {
        "branch" : "ios-11-compatibility",
        "revision" : "c0a3c4fec9973b12c8cf46ec3bc213e315118079"
      }
    },
    {
      "identity" : "xctest-dynamic-overlay",
      "kind" : "remoteSourceControl",
      "location" : "git@github.com:matheus-air/xctest-dynamic-overlay",
      "state" : {
        "branch" : "ios-11-compatibility",
        "revision" : "623a0f8757c530d495558e4f1eddef17cf93f6e8"
      }
    }
  ],
  "version" : 2
}
